// !$*UTF8*$!
{
	archiveVersion = 1;
	classes = {
	};
	objectVersion = 46;
	objects = {

/* Begin PBXBuildFile section */
		D50503461B1FB371008B5707 /* AssetsToImport in Resources */ = {isa = PBXBuildFile; fileRef = D50503451B1FB371008B5707 /* AssetsToImport */; };
		D50503481B1FB906008B5707 /* GreenButton.swift in Sources */ = {isa = PBXBuildFile; fileRef = D50503471B1FB906008B5707 /* GreenButton.swift */; };
		D505034A1B200348008B5707 /* Button.swift in Sources */ = {isa = PBXBuildFile; fileRef = D50503491B200348008B5707 /* Button.swift */; };
		D50503531B20129E008B5707 /* MapReader.swift in Sources */ = {isa = PBXBuildFile; fileRef = D50503521B20129E008B5707 /* MapReader.swift */; };
		D526EFCB1B421FB000A8145F /* FadeBlackSegue.swift in Sources */ = {isa = PBXBuildFile; fileRef = D526EFCA1B421FB000A8145F /* FadeBlackSegue.swift */; };
		D52F817E1B26312B00352613 /* aLIEz-easy-4.dmp in Resources */ = {isa = PBXBuildFile; fileRef = D52F817D1B26312B00352613 /* aLIEz-easy-4.dmp */; };
		D52F81801B26527B00352613 /* TimingPoint.swift in Sources */ = {isa = PBXBuildFile; fileRef = D52F817F1B26527B00352613 /* TimingPoint.swift */; };
		D52F81821B26529300352613 /* Note.swift in Sources */ = {isa = PBXBuildFile; fileRef = D52F81811B26529300352613 /* Note.swift */; };
		D52F81841B2653EA00352613 /* HoldNote.swift in Sources */ = {isa = PBXBuildFile; fileRef = D52F81831B2653EA00352613 /* HoldNote.swift */; };
		D5300A2D1B224D810077EE8F /* aLIEz.mp3 in Resources */ = {isa = PBXBuildFile; fileRef = D5300A2B1B224D810077EE8F /* aLIEz.mp3 */; };
		D5300A2E1B224D810077EE8F /* Mushikui-Saikede-Rhythm.mp3 in Resources */ = {isa = PBXBuildFile; fileRef = D5300A2C1B224D810077EE8F /* Mushikui-Saikede-Rhythm.mp3 */; };
		D5300A301B2257410077EE8F /* DyscMap.swift in Sources */ = {isa = PBXBuildFile; fileRef = D5300A2F1B2257410077EE8F /* DyscMap.swift */; };
		D5A7F6101B434C8000F3D805 /* NavigationControllerDelegate.swift in Sources */ = {isa = PBXBuildFile; fileRef = D5A7F60F1B434C8000F3D805 /* NavigationControllerDelegate.swift */; };
		D5A7F6131B434D2B00F3D805 /* FadeBlackTransitionAnimator.swift in Sources */ = {isa = PBXBuildFile; fileRef = D5A7F6121B434D2B00F3D805 /* FadeBlackTransitionAnimator.swift */; };
		D5B2923C1B2A226B00B1A653 /* HitSoundPlayer.swift in Sources */ = {isa = PBXBuildFile; fileRef = D5B2923B1B2A226B00B1A653 /* HitSoundPlayer.swift */; };
		D5B292441B2A24D800B1A653 /* soundGood.wav in Resources */ = {isa = PBXBuildFile; fileRef = D5B2923E1B2A24D800B1A653 /* soundGood.wav */; };
		D5B292451B2A24D800B1A653 /* soundGreat.wav in Resources */ = {isa = PBXBuildFile; fileRef = D5B2923F1B2A24D800B1A653 /* soundGreat.wav */; };
		D5B292461B2A24D800B1A653 /* soundHold.wav in Resources */ = {isa = PBXBuildFile; fileRef = D5B292401B2A24D800B1A653 /* soundHold.wav */; };
		D5B292471B2A24D800B1A653 /* soundMiss.mp3 in Resources */ = {isa = PBXBuildFile; fileRef = D5B292411B2A24D800B1A653 /* soundMiss.mp3 */; };
		D5B292481B2A24D800B1A653 /* soundPerfect.wav in Resources */ = {isa = PBXBuildFile; fileRef = D5B292421B2A24D800B1A653 /* soundPerfect.wav */; };
		D5B292491B2A24D800B1A653 /* soundSlip.wav in Resources */ = {isa = PBXBuildFile; fileRef = D5B292431B2A24D800B1A653 /* soundSlip.wav */; };
		D5CB35311B42086A0039D11F /* SongSelectViewController.swift in Sources */ = {isa = PBXBuildFile; fileRef = D5CB35301B42086A0039D11F /* SongSelectViewController.swift */; };
		D5CB35371B420D7B0039D11F /* SongDetailCell.swift in Sources */ = {isa = PBXBuildFile; fileRef = D5CB35361B420D7B0039D11F /* SongDetailCell.swift */; };
		D5CB35391B420D880039D11F /* SongSelectionCell.swift in Sources */ = {isa = PBXBuildFile; fileRef = D5CB35381B420D880039D11F /* SongSelectionCell.swift */; };
		D5CB353B1B420F430039D11F /* MainMenuViewController.swift in Sources */ = {isa = PBXBuildFile; fileRef = D5CB353A1B420F430039D11F /* MainMenuViewController.swift */; };
		D5D59CC51B1D195500C1E18D /* AppDelegate.swift in Sources */ = {isa = PBXBuildFile; fileRef = D5D59CC41B1D195500C1E18D /* AppDelegate.swift */; };
		D5D59CCB1B1D195500C1E18D /* GameViewController.swift in Sources */ = {isa = PBXBuildFile; fileRef = D5D59CCA1B1D195500C1E18D /* GameViewController.swift */; };
		D5D59CCE1B1D195500C1E18D /* Main.storyboard in Resources */ = {isa = PBXBuildFile; fileRef = D5D59CCC1B1D195500C1E18D /* Main.storyboard */; };
		D5D59CD01B1D195500C1E18D /* Images.xcassets in Resources */ = {isa = PBXBuildFile; fileRef = D5D59CCF1B1D195500C1E18D /* Images.xcassets */; };
		D5D59CD31B1D195500C1E18D /* LaunchScreen.xib in Resources */ = {isa = PBXBuildFile; fileRef = D5D59CD11B1D195500C1E18D /* LaunchScreen.xib */; };
		D5D59CDF1B1D195500C1E18D /* RhythmDyscTests.swift in Sources */ = {isa = PBXBuildFile; fileRef = D5D59CDE1B1D195500C1E18D /* RhythmDyscTests.swift */; };
		D5D59CE91B1E945000C1E18D /* InGameScene.swift in Sources */ = {isa = PBXBuildFile; fileRef = D5D59CE81B1E945000C1E18D /* InGameScene.swift */; };
		D5D59CEC1B1E9CBE00C1E18D /* BlueButton.swift in Sources */ = {isa = PBXBuildFile; fileRef = D5D59CEB1B1E9CBE00C1E18D /* BlueButton.swift */; };
		D5D59CEF1B1E9D0900C1E18D /* RedButton.swift in Sources */ = {isa = PBXBuildFile; fileRef = D5D59CEE1B1E9D0900C1E18D /* RedButton.swift */; };
		D5DDF87F1B2CE8CE00E401B8 /* metronomeTick.wav in Resources */ = {isa = PBXBuildFile; fileRef = D5DDF87D1B2CE8CE00E401B8 /* metronomeTick.wav */; };
		D5DDF8801B2CE8CE00E401B8 /* metronomeTock.wav in Resources */ = {isa = PBXBuildFile; fileRef = D5DDF87E1B2CE8CE00E401B8 /* metronomeTock.wav */; };
		D5DF0F611B322E5800190B11 /* aLIEz-expert-4.dmp in Resources */ = {isa = PBXBuildFile; fileRef = D5DF0F601B322E5800190B11 /* aLIEz-expert-4.dmp */; };
		D5EE34A51B279356000E4A80 /* Cursor.swift in Sources */ = {isa = PBXBuildFile; fileRef = D5EE34A41B279356000E4A80 /* Cursor.swift */; };
/* End PBXBuildFile section */

/* Begin PBXContainerItemProxy section */
		D5D59CD91B1D195500C1E18D /* PBXContainerItemProxy */ = {
			isa = PBXContainerItemProxy;
			containerPortal = D5D59CB71B1D195500C1E18D /* Project object */;
			proxyType = 1;
			remoteGlobalIDString = D5D59CBE1B1D195500C1E18D;
			remoteInfo = RhythmDysc;
		};
/* End PBXContainerItemProxy section */

/* Begin PBXFileReference section */
		D50503451B1FB371008B5707 /* AssetsToImport */ = {isa = PBXFileReference; lastKnownFileType = folder; path = AssetsToImport; sourceTree = SOURCE_ROOT; };
		D50503471B1FB906008B5707 /* GreenButton.swift */ = {isa = PBXFileReference; fileEncoding = 4; lastKnownFileType = sourcecode.swift; path = GreenButton.swift; sourceTree = "<group>"; };
		D50503491B200348008B5707 /* Button.swift */ = {isa = PBXFileReference; fileEncoding = 4; lastKnownFileType = sourcecode.swift; path = Button.swift; sourceTree = "<group>"; };
		D50503521B20129E008B5707 /* MapReader.swift */ = {isa = PBXFileReference; fileEncoding = 4; lastKnownFileType = sourcecode.swift; path = MapReader.swift; sourceTree = "<group>"; };
		D526EFCA1B421FB000A8145F /* FadeBlackSegue.swift */ = {isa = PBXFileReference; fileEncoding = 4; lastKnownFileType = sourcecode.swift; path = FadeBlackSegue.swift; sourceTree = "<group>"; };
		D52F817D1B26312B00352613 /* aLIEz-easy-4.dmp */ = {isa = PBXFileReference; fileEncoding = 4; lastKnownFileType = text; path = "aLIEz-easy-4.dmp"; sourceTree = "<group>"; };
		D52F817F1B26527B00352613 /* TimingPoint.swift */ = {isa = PBXFileReference; fileEncoding = 4; lastKnownFileType = sourcecode.swift; path = TimingPoint.swift; sourceTree = "<group>"; };
		D52F81811B26529300352613 /* Note.swift */ = {isa = PBXFileReference; fileEncoding = 4; lastKnownFileType = sourcecode.swift; path = Note.swift; sourceTree = "<group>"; };
		D52F81831B2653EA00352613 /* HoldNote.swift */ = {isa = PBXFileReference; fileEncoding = 4; lastKnownFileType = sourcecode.swift; path = HoldNote.swift; sourceTree = "<group>"; };
		D5300A2B1B224D810077EE8F /* aLIEz.mp3 */ = {isa = PBXFileReference; lastKnownFileType = audio.mp3; path = aLIEz.mp3; sourceTree = "<group>"; };
		D5300A2C1B224D810077EE8F /* Mushikui-Saikede-Rhythm.mp3 */ = {isa = PBXFileReference; lastKnownFileType = audio.mp3; path = "Mushikui-Saikede-Rhythm.mp3"; sourceTree = "<group>"; };
		D5300A2F1B2257410077EE8F /* DyscMap.swift */ = {isa = PBXFileReference; fileEncoding = 4; lastKnownFileType = sourcecode.swift; path = DyscMap.swift; sourceTree = "<group>"; };
		D5A7F60F1B434C8000F3D805 /* NavigationControllerDelegate.swift */ = {isa = PBXFileReference; fileEncoding = 4; lastKnownFileType = sourcecode.swift; path = NavigationControllerDelegate.swift; sourceTree = "<group>"; };
		D5A7F6121B434D2B00F3D805 /* FadeBlackTransitionAnimator.swift */ = {isa = PBXFileReference; fileEncoding = 4; lastKnownFileType = sourcecode.swift; path = FadeBlackTransitionAnimator.swift; sourceTree = "<group>"; };
		D5B2923B1B2A226B00B1A653 /* HitSoundPlayer.swift */ = {isa = PBXFileReference; fileEncoding = 4; lastKnownFileType = sourcecode.swift; path = HitSoundPlayer.swift; sourceTree = "<group>"; };
		D5B2923E1B2A24D800B1A653 /* soundGood.wav */ = {isa = PBXFileReference; lastKnownFileType = audio.wav; path = soundGood.wav; sourceTree = "<group>"; };
		D5B2923F1B2A24D800B1A653 /* soundGreat.wav */ = {isa = PBXFileReference; lastKnownFileType = audio.wav; path = soundGreat.wav; sourceTree = "<group>"; };
		D5B292401B2A24D800B1A653 /* soundHold.wav */ = {isa = PBXFileReference; lastKnownFileType = audio.wav; path = soundHold.wav; sourceTree = "<group>"; };
		D5B292411B2A24D800B1A653 /* soundMiss.mp3 */ = {isa = PBXFileReference; lastKnownFileType = audio.mp3; path = soundMiss.mp3; sourceTree = "<group>"; };
		D5B292421B2A24D800B1A653 /* soundPerfect.wav */ = {isa = PBXFileReference; lastKnownFileType = audio.wav; path = soundPerfect.wav; sourceTree = "<group>"; };
		D5B292431B2A24D800B1A653 /* soundSlip.wav */ = {isa = PBXFileReference; lastKnownFileType = audio.wav; path = soundSlip.wav; sourceTree = "<group>"; };
		D5CB35301B42086A0039D11F /* SongSelectViewController.swift */ = {isa = PBXFileReference; fileEncoding = 4; lastKnownFileType = sourcecode.swift; path = SongSelectViewController.swift; sourceTree = "<group>"; };
		D5CB35361B420D7B0039D11F /* SongDetailCell.swift */ = {isa = PBXFileReference; fileEncoding = 4; lastKnownFileType = sourcecode.swift; path = SongDetailCell.swift; sourceTree = "<group>"; };
		D5CB35381B420D880039D11F /* SongSelectionCell.swift */ = {isa = PBXFileReference; fileEncoding = 4; lastKnownFileType = sourcecode.swift; path = SongSelectionCell.swift; sourceTree = "<group>"; };
		D5CB353A1B420F430039D11F /* MainMenuViewController.swift */ = {isa = PBXFileReference; fileEncoding = 4; lastKnownFileType = sourcecode.swift; path = MainMenuViewController.swift; sourceTree = "<group>"; };
		D5D59CBF1B1D195500C1E18D /* RhythmDysc.app */ = {isa = PBXFileReference; explicitFileType = wrapper.application; includeInIndex = 0; path = RhythmDysc.app; sourceTree = BUILT_PRODUCTS_DIR; };
		D5D59CC31B1D195500C1E18D /* Info.plist */ = {isa = PBXFileReference; lastKnownFileType = text.plist.xml; path = Info.plist; sourceTree = "<group>"; };
		D5D59CC41B1D195500C1E18D /* AppDelegate.swift */ = {isa = PBXFileReference; lastKnownFileType = sourcecode.swift; path = AppDelegate.swift; sourceTree = "<group>"; };
		D5D59CCA1B1D195500C1E18D /* GameViewController.swift */ = {isa = PBXFileReference; lastKnownFileType = sourcecode.swift; path = GameViewController.swift; sourceTree = "<group>"; };
		D5D59CCD1B1D195500C1E18D /* Base */ = {isa = PBXFileReference; lastKnownFileType = file.storyboard; name = Base; path = Base.lproj/Main.storyboard; sourceTree = "<group>"; };
		D5D59CCF1B1D195500C1E18D /* Images.xcassets */ = {isa = PBXFileReference; lastKnownFileType = folder.assetcatalog; path = Images.xcassets; sourceTree = "<group>"; };
		D5D59CD21B1D195500C1E18D /* Base */ = {isa = PBXFileReference; lastKnownFileType = file.xib; name = Base; path = Base.lproj/LaunchScreen.xib; sourceTree = "<group>"; };
		D5D59CD81B1D195500C1E18D /* RhythmDyscTests.xctest */ = {isa = PBXFileReference; explicitFileType = wrapper.cfbundle; includeInIndex = 0; path = RhythmDyscTests.xctest; sourceTree = BUILT_PRODUCTS_DIR; };
		D5D59CDD1B1D195500C1E18D /* Info.plist */ = {isa = PBXFileReference; lastKnownFileType = text.plist.xml; path = Info.plist; sourceTree = "<group>"; };
		D5D59CDE1B1D195500C1E18D /* RhythmDyscTests.swift */ = {isa = PBXFileReference; lastKnownFileType = sourcecode.swift; path = RhythmDyscTests.swift; sourceTree = "<group>"; };
		D5D59CE81B1E945000C1E18D /* InGameScene.swift */ = {isa = PBXFileReference; fileEncoding = 4; lastKnownFileType = sourcecode.swift; path = InGameScene.swift; sourceTree = "<group>"; };
		D5D59CEB1B1E9CBE00C1E18D /* BlueButton.swift */ = {isa = PBXFileReference; fileEncoding = 4; lastKnownFileType = sourcecode.swift; path = BlueButton.swift; sourceTree = "<group>"; };
		D5D59CEE1B1E9D0900C1E18D /* RedButton.swift */ = {isa = PBXFileReference; fileEncoding = 4; lastKnownFileType = sourcecode.swift; path = RedButton.swift; sourceTree = "<group>"; };
		D5DDF87D1B2CE8CE00E401B8 /* metronomeTick.wav */ = {isa = PBXFileReference; lastKnownFileType = audio.wav; path = metronomeTick.wav; sourceTree = "<group>"; };
		D5DDF87E1B2CE8CE00E401B8 /* metronomeTock.wav */ = {isa = PBXFileReference; lastKnownFileType = audio.wav; path = metronomeTock.wav; sourceTree = "<group>"; };
		D5DF0F601B322E5800190B11 /* aLIEz-expert-4.dmp */ = {isa = PBXFileReference; fileEncoding = 4; lastKnownFileType = text; path = "aLIEz-expert-4.dmp"; sourceTree = "<group>"; };
		D5EE34A41B279356000E4A80 /* Cursor.swift */ = {isa = PBXFileReference; fileEncoding = 4; lastKnownFileType = sourcecode.swift; path = Cursor.swift; sourceTree = "<group>"; };
/* End PBXFileReference section */

/* Begin PBXFrameworksBuildPhase section */
		D5D59CBC1B1D195500C1E18D /* Frameworks */ = {
			isa = PBXFrameworksBuildPhase;
			buildActionMask = 2147483647;
			files = (
			);
			runOnlyForDeploymentPostprocessing = 0;
		};
		D5D59CD51B1D195500C1E18D /* Frameworks */ = {
			isa = PBXFrameworksBuildPhase;
			buildActionMask = 2147483647;
			files = (
			);
			runOnlyForDeploymentPostprocessing = 0;
		};
/* End PBXFrameworksBuildPhase section */

/* Begin PBXGroup section */
		D505034D1B2008B6008B5707 /* Songs */ = {
			isa = PBXGroup;
			children = (
				D5300A2B1B224D810077EE8F /* aLIEz.mp3 */,
				D5300A2C1B224D810077EE8F /* Mushikui-Saikede-Rhythm.mp3 */,
			);
			name = Songs;
			sourceTree = "<group>";
		};
		D526EFC91B421F9300A8145F /* Segues */ = {
			isa = PBXGroup;
			children = (
				D526EFCA1B421FB000A8145F /* FadeBlackSegue.swift */,
			);
			name = Segues;
			sourceTree = "<group>";
		};
		D52F817C1B2630EF00352613 /* Maps */ = {
			isa = PBXGroup;
			children = (
				D52F817D1B26312B00352613 /* aLIEz-easy-4.dmp */,
				D5DF0F601B322E5800190B11 /* aLIEz-expert-4.dmp */,
			);
			name = Maps;
			sourceTree = "<group>";
		};
		D5A7F6111B434D0500F3D805 /* NavigationController */ = {
			isa = PBXGroup;
			children = (
				D5A7F60F1B434C8000F3D805 /* NavigationControllerDelegate.swift */,
				D5A7F6121B434D2B00F3D805 /* FadeBlackTransitionAnimator.swift */,
			);
			name = NavigationController;
			sourceTree = "<group>";
		};
		D5B2923D1B2A24CE00B1A653 /* HitSounds */ = {
			isa = PBXGroup;
			children = (
				D5DDF87D1B2CE8CE00E401B8 /* metronomeTick.wav */,
				D5DDF87E1B2CE8CE00E401B8 /* metronomeTock.wav */,
				D5B2923E1B2A24D800B1A653 /* soundGood.wav */,
				D5B2923F1B2A24D800B1A653 /* soundGreat.wav */,
				D5B292401B2A24D800B1A653 /* soundHold.wav */,
				D5B292411B2A24D800B1A653 /* soundMiss.mp3 */,
				D5B292421B2A24D800B1A653 /* soundPerfect.wav */,
				D5B292431B2A24D800B1A653 /* soundSlip.wav */,
			);
			name = HitSounds;
			sourceTree = "<group>";
		};
		D5CB352A1B41F80C0039D11F /* ViewControllers */ = {
			isa = PBXGroup;
			children = (
				D5D59CCA1B1D195500C1E18D /* GameViewController.swift */,
				D5CB35301B42086A0039D11F /* SongSelectViewController.swift */,
				D5CB353A1B420F430039D11F /* MainMenuViewController.swift */,
			);
			name = ViewControllers;
			sourceTree = "<group>";
		};
		D5CB352B1B4200070039D11F /* InterfaceElements */ = {
			isa = PBXGroup;
			children = (
				D5CB35381B420D880039D11F /* SongSelectionCell.swift */,
				D5CB35361B420D7B0039D11F /* SongDetailCell.swift */,
			);
			name = InterfaceElements;
			sourceTree = "<group>";
		};
		D5D59CB61B1D195500C1E18D = {
			isa = PBXGroup;
			children = (
				D5D59CC11B1D195500C1E18D /* RhythmDysc */,
				D5D59CDB1B1D195500C1E18D /* RhythmDyscTests */,
				D5D59CC01B1D195500C1E18D /* Products */,
				D50503451B1FB371008B5707 /* AssetsToImport */,
			);
			sourceTree = "<group>";
		};
		D5D59CC01B1D195500C1E18D /* Products */ = {
			isa = PBXGroup;
			children = (
				D5D59CBF1B1D195500C1E18D /* RhythmDysc.app */,
				D5D59CD81B1D195500C1E18D /* RhythmDyscTests.xctest */,
			);
			name = Products;
			sourceTree = "<group>";
		};
		D5D59CC11B1D195500C1E18D /* RhythmDysc */ = {
			isa = PBXGroup;
			children = (
				D526EFC91B421F9300A8145F /* Segues */,
				D5CB352B1B4200070039D11F /* InterfaceElements */,
				D5B2923D1B2A24CE00B1A653 /* HitSounds */,
				D52F817C1B2630EF00352613 /* Maps */,
				D505034D1B2008B6008B5707 /* Songs */,
				D5D59CED1B1E9CC200C1E18D /* SpriteNodes */,
				D5D59CEA1B1E9AB300C1E18D /* Scenes */,
				D5CB352A1B41F80C0039D11F /* ViewControllers */,
				D5A7F6111B434D0500F3D805 /* NavigationController */,
				D5D59CC41B1D195500C1E18D /* AppDelegate.swift */,
				D5D59CCC1B1D195500C1E18D /* Main.storyboard */,
				D5D59CCF1B1D195500C1E18D /* Images.xcassets */,
				D5D59CD11B1D195500C1E18D /* LaunchScreen.xib */,
				D5D59CC21B1D195500C1E18D /* Supporting Files */,
				D50503521B20129E008B5707 /* MapReader.swift */,
				D5300A2F1B2257410077EE8F /* DyscMap.swift */,
				D52F817F1B26527B00352613 /* TimingPoint.swift */,
				D5B2923B1B2A226B00B1A653 /* HitSoundPlayer.swift */,
			);
			path = RhythmDysc;
			sourceTree = "<group>";
		};
		D5D59CC21B1D195500C1E18D /* Supporting Files */ = {
			isa = PBXGroup;
			children = (
				D5D59CC31B1D195500C1E18D /* Info.plist */,
			);
			name = "Supporting Files";
			sourceTree = "<group>";
		};
		D5D59CDB1B1D195500C1E18D /* RhythmDyscTests */ = {
			isa = PBXGroup;
			children = (
				D5D59CDE1B1D195500C1E18D /* RhythmDyscTests.swift */,
				D5D59CDC1B1D195500C1E18D /* Supporting Files */,
			);
			path = RhythmDyscTests;
			sourceTree = "<group>";
		};
		D5D59CDC1B1D195500C1E18D /* Supporting Files */ = {
			isa = PBXGroup;
			children = (
				D5D59CDD1B1D195500C1E18D /* Info.plist */,
			);
			name = "Supporting Files";
			sourceTree = "<group>";
		};
		D5D59CEA1B1E9AB300C1E18D /* Scenes */ = {
			isa = PBXGroup;
			children = (
				D5D59CE81B1E945000C1E18D /* InGameScene.swift */,
			);
			name = Scenes;
			sourceTree = "<group>";
		};
		D5D59CED1B1E9CC200C1E18D /* SpriteNodes */ = {
			isa = PBXGroup;
			children = (
				D50503491B200348008B5707 /* Button.swift */,
				D5D59CEB1B1E9CBE00C1E18D /* BlueButton.swift */,
				D5D59CEE1B1E9D0900C1E18D /* RedButton.swift */,
				D50503471B1FB906008B5707 /* GreenButton.swift */,
				D5EE34A41B279356000E4A80 /* Cursor.swift */,
				D52F81831B2653EA00352613 /* HoldNote.swift */,
				D52F81811B26529300352613 /* Note.swift */,
			);
			name = SpriteNodes;
			sourceTree = "<group>";
		};
/* End PBXGroup section */

/* Begin PBXNativeTarget section */
		D5D59CBE1B1D195500C1E18D /* RhythmDysc */ = {
			isa = PBXNativeTarget;
			buildConfigurationList = D5D59CE21B1D195500C1E18D /* Build configuration list for PBXNativeTarget "RhythmDysc" */;
			buildPhases = (
				D5D59CBB1B1D195500C1E18D /* Sources */,
				D5D59CBC1B1D195500C1E18D /* Frameworks */,
				D5D59CBD1B1D195500C1E18D /* Resources */,
			);
			buildRules = (
			);
			dependencies = (
			);
			name = RhythmDysc;
			productName = RhythmDysc;
			productReference = D5D59CBF1B1D195500C1E18D /* RhythmDysc.app */;
			productType = "com.apple.product-type.application";
		};
		D5D59CD71B1D195500C1E18D /* RhythmDyscTests */ = {
			isa = PBXNativeTarget;
			buildConfigurationList = D5D59CE51B1D195500C1E18D /* Build configuration list for PBXNativeTarget "RhythmDyscTests" */;
			buildPhases = (
				D5D59CD41B1D195500C1E18D /* Sources */,
				D5D59CD51B1D195500C1E18D /* Frameworks */,
				D5D59CD61B1D195500C1E18D /* Resources */,
			);
			buildRules = (
			);
			dependencies = (
				D5D59CDA1B1D195500C1E18D /* PBXTargetDependency */,
			);
			name = RhythmDyscTests;
			productName = RhythmDyscTests;
			productReference = D5D59CD81B1D195500C1E18D /* RhythmDyscTests.xctest */;
			productType = "com.apple.product-type.bundle.unit-test";
		};
/* End PBXNativeTarget section */

/* Begin PBXProject section */
		D5D59CB71B1D195500C1E18D /* Project object */ = {
			isa = PBXProject;
			attributes = {
				LastUpgradeCheck = 0630;
				ORGANIZATIONNAME = TynyLabs;
				TargetAttributes = {
					D5D59CBE1B1D195500C1E18D = {
						CreatedOnToolsVersion = 6.3.2;
						DevelopmentTeam = S293QQ5PL3;
					};
					D5D59CD71B1D195500C1E18D = {
						CreatedOnToolsVersion = 6.3.2;
						TestTargetID = D5D59CBE1B1D195500C1E18D;
					};
				};
			};
			buildConfigurationList = D5D59CBA1B1D195500C1E18D /* Build configuration list for PBXProject "RhythmDysc" */;
			compatibilityVersion = "Xcode 3.2";
			developmentRegion = English;
			hasScannedForEncodings = 0;
			knownRegions = (
				en,
				Base,
			);
			mainGroup = D5D59CB61B1D195500C1E18D;
			productRefGroup = D5D59CC01B1D195500C1E18D /* Products */;
			projectDirPath = "";
			projectRoot = "";
			targets = (
				D5D59CBE1B1D195500C1E18D /* RhythmDysc */,
				D5D59CD71B1D195500C1E18D /* RhythmDyscTests */,
			);
		};
/* End PBXProject section */

/* Begin PBXResourcesBuildPhase section */
		D5D59CBD1B1D195500C1E18D /* Resources */ = {
			isa = PBXResourcesBuildPhase;
			buildActionMask = 2147483647;
			files = (
				D5DDF87F1B2CE8CE00E401B8 /* metronomeTick.wav in Resources */,
				D5DF0F611B322E5800190B11 /* aLIEz-expert-4.dmp in Resources */,
				D5D59CD31B1D195500C1E18D /* LaunchScreen.xib in Resources */,
				D5D59CD01B1D195500C1E18D /* Images.xcassets in Resources */,
				D5B292451B2A24D800B1A653 /* soundGreat.wav in Resources */,
				D5B292491B2A24D800B1A653 /* soundSlip.wav in Resources */,
				D52F817E1B26312B00352613 /* aLIEz-easy-4.dmp in Resources */,
				D5B292441B2A24D800B1A653 /* soundGood.wav in Resources */,
				D5B292471B2A24D800B1A653 /* soundMiss.mp3 in Resources */,
				D5D59CCE1B1D195500C1E18D /* Main.storyboard in Resources */,
				D5300A2E1B224D810077EE8F /* Mushikui-Saikede-Rhythm.mp3 in Resources */,
				D5300A2D1B224D810077EE8F /* aLIEz.mp3 in Resources */,
				D50503461B1FB371008B5707 /* AssetsToImport in Resources */,
				D5DDF8801B2CE8CE00E401B8 /* metronomeTock.wav in Resources */,
				D5B292481B2A24D800B1A653 /* soundPerfect.wav in Resources */,
				D5B292461B2A24D800B1A653 /* soundHold.wav in Resources */,
			);
			runOnlyForDeploymentPostprocessing = 0;
		};
		D5D59CD61B1D195500C1E18D /* Resources */ = {
			isa = PBXResourcesBuildPhase;
			buildActionMask = 2147483647;
			files = (
			);
			runOnlyForDeploymentPostprocessing = 0;
		};
/* End PBXResourcesBuildPhase section */

/* Begin PBXSourcesBuildPhase section */
		D5D59CBB1B1D195500C1E18D /* Sources */ = {
			isa = PBXSourcesBuildPhase;
			buildActionMask = 2147483647;
			files = (
				D5A7F6101B434C8000F3D805 /* NavigationControllerDelegate.swift in Sources */,
				D5EE34A51B279356000E4A80 /* Cursor.swift in Sources */,
				D505034A1B200348008B5707 /* Button.swift in Sources */,
				D5CB353B1B420F430039D11F /* MainMenuViewController.swift in Sources */,
				D5D59CCB1B1D195500C1E18D /* GameViewController.swift in Sources */,
				D52F81841B2653EA00352613 /* HoldNote.swift in Sources */,
				D52F81801B26527B00352613 /* TimingPoint.swift in Sources */,
				D50503481B1FB906008B5707 /* GreenButton.swift in Sources */,
				D50503531B20129E008B5707 /* MapReader.swift in Sources */,
				D5D59CC51B1D195500C1E18D /* AppDelegate.swift in Sources */,
				D5CB35371B420D7B0039D11F /* SongDetailCell.swift in Sources */,
				D526EFCB1B421FB000A8145F /* FadeBlackSegue.swift in Sources */,
				D5B2923C1B2A226B00B1A653 /* HitSoundPlayer.swift in Sources */,
				D5CB35311B42086A0039D11F /* SongSelectViewController.swift in Sources */,
				D5A7F6131B434D2B00F3D805 /* FadeBlackTransitionAnimator.swift in Sources */,
				D5D59CE91B1E945000C1E18D /* InGameScene.swift in Sources */,
				D52F81821B26529300352613 /* Note.swift in Sources */,
				D5D59CEF1B1E9D0900C1E18D /* RedButton.swift in Sources */,
				D5D59CEC1B1E9CBE00C1E18D /* BlueButton.swift in Sources */,
				D5CB35391B420D880039D11F /* SongSelectionCell.swift in Sources */,
				D5300A301B2257410077EE8F /* DyscMap.swift in Sources */,
			);
			runOnlyForDeploymentPostprocessing = 0;
		};
		D5D59CD41B1D195500C1E18D /* Sources */ = {
			isa = PBXSourcesBuildPhase;
			buildActionMask = 2147483647;
			files = (
				D5D59CDF1B1D195500C1E18D /* RhythmDyscTests.swift in Sources */,
			);
			runOnlyForDeploymentPostprocessing = 0;
		};
/* End PBXSourcesBuildPhase section */

/* Begin PBXTargetDependency section */
		D5D59CDA1B1D195500C1E18D /* PBXTargetDependency */ = {
			isa = PBXTargetDependency;
			target = D5D59CBE1B1D195500C1E18D /* RhythmDysc */;
			targetProxy = D5D59CD91B1D195500C1E18D /* PBXContainerItemProxy */;
		};
/* End PBXTargetDependency section */

/* Begin PBXVariantGroup section */
		D5D59CCC1B1D195500C1E18D /* Main.storyboard */ = {
			isa = PBXVariantGroup;
			children = (
				D5D59CCD1B1D195500C1E18D /* Base */,
			);
			name = Main.storyboard;
			sourceTree = "<group>";
		};
		D5D59CD11B1D195500C1E18D /* LaunchScreen.xib */ = {
			isa = PBXVariantGroup;
			children = (
				D5D59CD21B1D195500C1E18D /* Base */,
			);
			name = LaunchScreen.xib;
			sourceTree = "<group>";
		};
/* End PBXVariantGroup section */

/* Begin XCBuildConfiguration section */
		D5D59CE01B1D195500C1E18D /* Debug */ = {
			isa = XCBuildConfiguration;
			buildSettings = {
				ALWAYS_SEARCH_USER_PATHS = NO;
				CLANG_CXX_LANGUAGE_STANDARD = "gnu++0x";
				CLANG_CXX_LIBRARY = "libc++";
				CLANG_ENABLE_MODULES = YES;
				CLANG_ENABLE_OBJC_ARC = YES;
				CLANG_WARN_BOOL_CONVERSION = YES;
				CLANG_WARN_CONSTANT_CONVERSION = YES;
				CLANG_WARN_DIRECT_OBJC_ISA_USAGE = YES_ERROR;
				CLANG_WARN_EMPTY_BODY = YES;
				CLANG_WARN_ENUM_CONVERSION = YES;
				CLANG_WARN_INT_CONVERSION = YES;
				CLANG_WARN_OBJC_ROOT_CLASS = YES_ERROR;
				CLANG_WARN_UNREACHABLE_CODE = YES;
				CLANG_WARN__DUPLICATE_METHOD_MATCH = YES;
				"CODE_SIGN_IDENTITY[sdk=iphoneos*]" = "iPhone Developer";
				COPY_PHASE_STRIP = NO;
				DEBUG_INFORMATION_FORMAT = "dwarf-with-dsym";
				ENABLE_STRICT_OBJC_MSGSEND = YES;
				GCC_C_LANGUAGE_STANDARD = gnu99;
				GCC_DYNAMIC_NO_PIC = NO;
				GCC_NO_COMMON_BLOCKS = YES;
				GCC_OPTIMIZATION_LEVEL = 0;
				GCC_PREPROCESSOR_DEFINITIONS = (
					"DEBUG=1",
					"$(inherited)",
				);
				GCC_SYMBOLS_PRIVATE_EXTERN = NO;
				GCC_WARN_64_TO_32_BIT_CONVERSION = YES;
				GCC_WARN_ABOUT_RETURN_TYPE = YES_ERROR;
				GCC_WARN_UNDECLARED_SELECTOR = YES;
				GCC_WARN_UNINITIALIZED_AUTOS = YES_AGGRESSIVE;
				GCC_WARN_UNUSED_FUNCTION = YES;
				GCC_WARN_UNUSED_VARIABLE = YES;
				IPHONEOS_DEPLOYMENT_TARGET = 8.3;
				MTL_ENABLE_DEBUG_INFO = YES;
				ONLY_ACTIVE_ARCH = YES;
				SDKROOT = iphoneos;
				SWIFT_OPTIMIZATION_LEVEL = "-Onone";
				TARGETED_DEVICE_FAMILY = "1,2";
			};
			name = Debug;
		};
		D5D59CE11B1D195500C1E18D /* Release */ = {
			isa = XCBuildConfiguration;
			buildSettings = {
				ALWAYS_SEARCH_USER_PATHS = NO;
				CLANG_CXX_LANGUAGE_STANDARD = "gnu++0x";
				CLANG_CXX_LIBRARY = "libc++";
				CLANG_ENABLE_MODULES = YES;
				CLANG_ENABLE_OBJC_ARC = YES;
				CLANG_WARN_BOOL_CONVERSION = YES;
				CLANG_WARN_CONSTANT_CONVERSION = YES;
				CLANG_WARN_DIRECT_OBJC_ISA_USAGE = YES_ERROR;
				CLANG_WARN_EMPTY_BODY = YES;
				CLANG_WARN_ENUM_CONVERSION = YES;
				CLANG_WARN_INT_CONVERSION = YES;
				CLANG_WARN_OBJC_ROOT_CLASS = YES_ERROR;
				CLANG_WARN_UNREACHABLE_CODE = YES;
				CLANG_WARN__DUPLICATE_METHOD_MATCH = YES;
				"CODE_SIGN_IDENTITY[sdk=iphoneos*]" = "iPhone Developer";
				COPY_PHASE_STRIP = NO;
				DEBUG_INFORMATION_FORMAT = "dwarf-with-dsym";
				ENABLE_NS_ASSERTIONS = NO;
				ENABLE_STRICT_OBJC_MSGSEND = YES;
				GCC_C_LANGUAGE_STANDARD = gnu99;
				GCC_NO_COMMON_BLOCKS = YES;
				GCC_WARN_64_TO_32_BIT_CONVERSION = YES;
				GCC_WARN_ABOUT_RETURN_TYPE = YES_ERROR;
				GCC_WARN_UNDECLARED_SELECTOR = YES;
				GCC_WARN_UNINITIALIZED_AUTOS = YES_AGGRESSIVE;
				GCC_WARN_UNUSED_FUNCTION = YES;
				GCC_WARN_UNUSED_VARIABLE = YES;
				IPHONEOS_DEPLOYMENT_TARGET = 8.3;
				MTL_ENABLE_DEBUG_INFO = NO;
				SDKROOT = iphoneos;
				TARGETED_DEVICE_FAMILY = "1,2";
				VALIDATE_PRODUCT = YES;
			};
			name = Release;
		};
		D5D59CE31B1D195500C1E18D /* Debug */ = {
			isa = XCBuildConfiguration;
			buildSettings = {
				ASSETCATALOG_COMPILER_APPICON_NAME = AppIcon;
				CODE_SIGN_IDENTITY = "iPhone Developer";
				"CODE_SIGN_IDENTITY[sdk=iphoneos*]" = "iPhone Developer";
				INFOPLIST_FILE = RhythmDysc/Info.plist;
				IPHONEOS_DEPLOYMENT_TARGET = 8.0;
				LD_RUNPATH_SEARCH_PATHS = "$(inherited) @executable_path/Frameworks";
				PRODUCT_NAME = "$(TARGET_NAME)";
				PROVISIONING_PROFILE = "";
			};
			name = Debug;
		};
		D5D59CE41B1D195500C1E18D /* Release */ = {
			isa = XCBuildConfiguration;
			buildSettings = {
				ASSETCATALOG_COMPILER_APPICON_NAME = AppIcon;
				CODE_SIGN_IDENTITY = "iPhone Developer";
				"CODE_SIGN_IDENTITY[sdk=iphoneos*]" = "iPhone Developer";
				INFOPLIST_FILE = RhythmDysc/Info.plist;
				IPHONEOS_DEPLOYMENT_TARGET = 8.0;
				LD_RUNPATH_SEARCH_PATHS = "$(inherited) @executable_path/Frameworks";
				PRODUCT_NAME = "$(TARGET_NAME)";
				PROVISIONING_PROFILE = "";
			};
			name = Release;
		};
		D5D59CE61B1D195500C1E18D /* Debug */ = {
			isa = XCBuildConfiguration;
			buildSettings = {
				BUNDLE_LOADER = "$(TEST_HOST)";
				FRAMEWORK_SEARCH_PATHS = (
					"$(SDKROOT)/Developer/Library/Frameworks",
					"$(inherited)",
				);
				GCC_PREPROCESSOR_DEFINITIONS = (
					"DEBUG=1",
					"$(inherited)",
				);
				INFOPLIST_FILE = RhythmDyscTests/Info.plist;
				LD_RUNPATH_SEARCH_PATHS = "$(inherited) @executable_path/Frameworks @loader_path/Frameworks";
				PRODUCT_NAME = "$(TARGET_NAME)";
				TEST_HOST = "$(BUILT_PRODUCTS_DIR)/RhythmDysc.app/RhythmDysc";
			};
			name = Debug;
		};
		D5D59CE71B1D195500C1E18D /* Release */ = {
			isa = XCBuildConfiguration;
			buildSettings = {
				BUNDLE_LOADER = "$(TEST_HOST)";
				FRAMEWORK_SEARCH_PATHS = (
					"$(SDKROOT)/Developer/Library/Frameworks",
					"$(inherited)",
				);
				INFOPLIST_FILE = RhythmDyscTests/Info.plist;
				LD_RUNPATH_SEARCH_PATHS = "$(inherited) @executable_path/Frameworks @loader_path/Frameworks";
				PRODUCT_NAME = "$(TARGET_NAME)";
				TEST_HOST = "$(BUILT_PRODUCTS_DIR)/RhythmDysc.app/RhythmDysc";
			};
			name = Release;
		};
/* End XCBuildConfiguration section */

/* Begin XCConfigurationList section */
		D5D59CBA1B1D195500C1E18D /* Build configuration list for PBXProject "RhythmDysc" */ = {
			isa = XCConfigurationList;
			buildConfigurations = (
				D5D59CE01B1D195500C1E18D /* Debug */,
				D5D59CE11B1D195500C1E18D /* Release */,
			);
			defaultConfigurationIsVisible = 0;
			defaultConfigurationName = Release;
		};
		D5D59CE21B1D195500C1E18D /* Build configuration list for PBXNativeTarget "RhythmDysc" */ = {
			isa = XCConfigurationList;
			buildConfigurations = (
				D5D59CE31B1D195500C1E18D /* Debug */,
				D5D59CE41B1D195500C1E18D /* Release */,
			);
			defaultConfigurationIsVisible = 0;
			defaultConfigurationName = Release;
		};
		D5D59CE51B1D195500C1E18D /* Build configuration list for PBXNativeTarget "RhythmDyscTests" */ = {
			isa = XCConfigurationList;
			buildConfigurations = (
				D5D59CE61B1D195500C1E18D /* Debug */,
				D5D59CE71B1D195500C1E18D /* Release */,
			);
			defaultConfigurationIsVisible = 0;
			defaultConfigurationName = Release;
		};
/* End XCConfigurationList section */
	};
	rootObject = D5D59CB71B1D195500C1E18D /* Project object */;
}
